// !$*UTF8*$!
{
	archiveVersion = 1;
	classes = {
	};
	objectVersion = 46;
	objects = {

/* Begin PBXBuildFile section */
		37755AC21B265C4F001C55B3 /* AppDelegate.swift in Sources */ = {isa = PBXBuildFile; fileRef = 37755AC11B265C4F001C55B3 /* AppDelegate.swift */; };
		37755AC41B265C4F001C55B3 /* MasterViewController.swift in Sources */ = {isa = PBXBuildFile; fileRef = 37755AC31B265C4F001C55B3 /* MasterViewController.swift */; };
		37755AC61B265C4F001C55B3 /* DetailViewController.swift in Sources */ = {isa = PBXBuildFile; fileRef = 37755AC51B265C4F001C55B3 /* DetailViewController.swift */; };
		37755AC91B265C4F001C55B3 /* Main.storyboard in Resources */ = {isa = PBXBuildFile; fileRef = 37755AC71B265C4F001C55B3 /* Main.storyboard */; };
		37755ACB1B265C4F001C55B3 /* Images.xcassets in Resources */ = {isa = PBXBuildFile; fileRef = 37755ACA1B265C4F001C55B3 /* Images.xcassets */; };
		37755ACE1B265C4F001C55B3 /* LaunchScreen.xib in Resources */ = {isa = PBXBuildFile; fileRef = 37755ACC1B265C4F001C55B3 /* LaunchScreen.xib */; };
		37755ADA1B265C4F001C55B3 /* WatchTowerTests.swift in Sources */ = {isa = PBXBuildFile; fileRef = 37755AD91B265C4F001C55B3 /* WatchTowerTests.swift */; };
		37755AE41B279EDD001C55B3 /* Settings.bundle in Resources */ = {isa = PBXBuildFile; fileRef = 37755AE31B279EDD001C55B3 /* Settings.bundle */; };
		37755AE61B27A4EB001C55B3 /* Feed.swift in Sources */ = {isa = PBXBuildFile; fileRef = 37755AE51B27A4EB001C55B3 /* Feed.swift */; };
/* End PBXBuildFile section */

/* Begin PBXContainerItemProxy section */
		37755AD41B265C4F001C55B3 /* PBXContainerItemProxy */ = {
			isa = PBXContainerItemProxy;
			containerPortal = 37755AB41B265C4F001C55B3 /* Project object */;
			proxyType = 1;
			remoteGlobalIDString = 37755ABB1B265C4F001C55B3;
			remoteInfo = WatchTower;
		};
/* End PBXContainerItemProxy section */

/* Begin PBXFileReference section */
		37755ABC1B265C4F001C55B3 /* WatchTower.app */ = {isa = PBXFileReference; explicitFileType = wrapper.application; includeInIndex = 0; path = WatchTower.app; sourceTree = BUILT_PRODUCTS_DIR; };
		37755AC01B265C4F001C55B3 /* Info.plist */ = {isa = PBXFileReference; lastKnownFileType = text.plist.xml; path = Info.plist; sourceTree = "<group>"; };
		37755AC11B265C4F001C55B3 /* AppDelegate.swift */ = {isa = PBXFileReference; lastKnownFileType = sourcecode.swift; path = AppDelegate.swift; sourceTree = "<group>"; };
		37755AC31B265C4F001C55B3 /* MasterViewController.swift */ = {isa = PBXFileReference; lastKnownFileType = sourcecode.swift; path = MasterViewController.swift; sourceTree = "<group>"; };
		37755AC51B265C4F001C55B3 /* DetailViewController.swift */ = {isa = PBXFileReference; lastKnownFileType = sourcecode.swift; path = DetailViewController.swift; sourceTree = "<group>"; };
		37755AC81B265C4F001C55B3 /* Base */ = {isa = PBXFileReference; lastKnownFileType = file.storyboard; name = Base; path = Base.lproj/Main.storyboard; sourceTree = "<group>"; };
		37755ACA1B265C4F001C55B3 /* Images.xcassets */ = {isa = PBXFileReference; lastKnownFileType = folder.assetcatalog; path = Images.xcassets; sourceTree = "<group>"; };
		37755ACD1B265C4F001C55B3 /* Base */ = {isa = PBXFileReference; lastKnownFileType = file.xib; name = Base; path = Base.lproj/LaunchScreen.xib; sourceTree = "<group>"; };
		37755AD31B265C4F001C55B3 /* WatchTowerTests.xctest */ = {isa = PBXFileReference; explicitFileType = wrapper.cfbundle; includeInIndex = 0; path = WatchTowerTests.xctest; sourceTree = BUILT_PRODUCTS_DIR; };
		37755AD81B265C4F001C55B3 /* Info.plist */ = {isa = PBXFileReference; lastKnownFileType = text.plist.xml; path = Info.plist; sourceTree = "<group>"; };
		37755AD91B265C4F001C55B3 /* WatchTowerTests.swift */ = {isa = PBXFileReference; lastKnownFileType = sourcecode.swift; path = WatchTowerTests.swift; sourceTree = "<group>"; };
		37755AE31B279EDD001C55B3 /* Settings.bundle */ = {isa = PBXFileReference; lastKnownFileType = "wrapper.plug-in"; path = Settings.bundle; sourceTree = "<group>"; };
		37755AE51B27A4EB001C55B3 /* Feed.swift */ = {isa = PBXFileReference; fileEncoding = 4; lastKnownFileType = sourcecode.swift; path = Feed.swift; sourceTree = "<group>"; };
/* End PBXFileReference section */

/* Begin PBXFrameworksBuildPhase section */
		37755AB91B265C4F001C55B3 /* Frameworks */ = {
			isa = PBXFrameworksBuildPhase;
			buildActionMask = 2147483647;
			files = (
			);
			runOnlyForDeploymentPostprocessing = 0;
		};
		37755AD01B265C4F001C55B3 /* Frameworks */ = {
			isa = PBXFrameworksBuildPhase;
			buildActionMask = 2147483647;
			files = (
			);
			runOnlyForDeploymentPostprocessing = 0;
		};
/* End PBXFrameworksBuildPhase section */

/* Begin PBXGroup section */
		37755AB31B265C4F001C55B3 = {
			isa = PBXGroup;
			children = (
				37755ABE1B265C4F001C55B3 /* WatchTower */,
				37755AD61B265C4F001C55B3 /* WatchTowerTests */,
				37755ABD1B265C4F001C55B3 /* Products */,
			);
			sourceTree = "<group>";
		};
		37755ABD1B265C4F001C55B3 /* Products */ = {
			isa = PBXGroup;
			children = (
				37755ABC1B265C4F001C55B3 /* WatchTower.app */,
				37755AD31B265C4F001C55B3 /* WatchTowerTests.xctest */,
			);
			name = Products;
			sourceTree = "<group>";
		};
		37755ABE1B265C4F001C55B3 /* WatchTower */ = {
			isa = PBXGroup;
			children = (
				37755AC11B265C4F001C55B3 /* AppDelegate.swift */,
				37755AC31B265C4F001C55B3 /* MasterViewController.swift */,
				37755AC51B265C4F001C55B3 /* DetailViewController.swift */,
				37755AC71B265C4F001C55B3 /* Main.storyboard */,
				37755ACA1B265C4F001C55B3 /* Images.xcassets */,
				37755ACC1B265C4F001C55B3 /* LaunchScreen.xib */,
				37755ABF1B265C4F001C55B3 /* Supporting Files */,
				37755AE31B279EDD001C55B3 /* Settings.bundle */,
				37755AE51B27A4EB001C55B3 /* Feed.swift */,
			);
			path = WatchTower;
			sourceTree = "<group>";
		};
		37755ABF1B265C4F001C55B3 /* Supporting Files */ = {
			isa = PBXGroup;
			children = (
				37755AC01B265C4F001C55B3 /* Info.plist */,
			);
			name = "Supporting Files";
			sourceTree = "<group>";
		};
		37755AD61B265C4F001C55B3 /* WatchTowerTests */ = {
			isa = PBXGroup;
			children = (
				37755AD91B265C4F001C55B3 /* WatchTowerTests.swift */,
				37755AD71B265C4F001C55B3 /* Supporting Files */,
			);
			path = WatchTowerTests;
			sourceTree = "<group>";
		};
		37755AD71B265C4F001C55B3 /* Supporting Files */ = {
			isa = PBXGroup;
			children = (
				37755AD81B265C4F001C55B3 /* Info.plist */,
			);
			name = "Supporting Files";
			sourceTree = "<group>";
		};
/* End PBXGroup section */

/* Begin PBXNativeTarget section */
		37755ABB1B265C4F001C55B3 /* WatchTower */ = {
			isa = PBXNativeTarget;
			buildConfigurationList = 37755ADD1B265C4F001C55B3 /* Build configuration list for PBXNativeTarget "WatchTower" */;
			buildPhases = (
				37755AB81B265C4F001C55B3 /* Sources */,
				37755AB91B265C4F001C55B3 /* Frameworks */,
				37755ABA1B265C4F001C55B3 /* Resources */,
			);
			buildRules = (
			);
			dependencies = (
			);
			name = WatchTower;
			productName = WatchTower;
			productReference = 37755ABC1B265C4F001C55B3 /* WatchTower.app */;
			productType = "com.apple.product-type.application";
		};
		37755AD21B265C4F001C55B3 /* WatchTowerTests */ = {
			isa = PBXNativeTarget;
			buildConfigurationList = 37755AE01B265C4F001C55B3 /* Build configuration list for PBXNativeTarget "WatchTowerTests" */;
			buildPhases = (
				37755ACF1B265C4F001C55B3 /* Sources */,
				37755AD01B265C4F001C55B3 /* Frameworks */,
				37755AD11B265C4F001C55B3 /* Resources */,
			);
			buildRules = (
			);
			dependencies = (
				37755AD51B265C4F001C55B3 /* PBXTargetDependency */,
			);
			name = WatchTowerTests;
			productName = WatchTowerTests;
			productReference = 37755AD31B265C4F001C55B3 /* WatchTowerTests.xctest */;
			productType = "com.apple.product-type.bundle.unit-test";
		};
/* End PBXNativeTarget section */

/* Begin PBXProject section */
		37755AB41B265C4F001C55B3 /* Project object */ = {
			isa = PBXProject;
			attributes = {
				LastUpgradeCheck = 0630;
				ORGANIZATIONNAME = "Dana Wolfe";
				TargetAttributes = {
					37755ABB1B265C4F001C55B3 = {
						CreatedOnToolsVersion = 6.3.2;
					};
					37755AD21B265C4F001C55B3 = {
						CreatedOnToolsVersion = 6.3.2;
						TestTargetID = 37755ABB1B265C4F001C55B3;
					};
				};
			};
			buildConfigurationList = 37755AB71B265C4F001C55B3 /* Build configuration list for PBXProject "WatchTower" */;
			compatibilityVersion = "Xcode 3.2";
			developmentRegion = English;
			hasScannedForEncodings = 0;
			knownRegions = (
				en,
				Base,
			);
			mainGroup = 37755AB31B265C4F001C55B3;
			productRefGroup = 37755ABD1B265C4F001C55B3 /* Products */;
			projectDirPath = "";
			projectRoot = "";
			targets = (
				37755ABB1B265C4F001C55B3 /* WatchTower */,
				37755AD21B265C4F001C55B3 /* WatchTowerTests */,
			);
		};
/* End PBXProject section */

/* Begin PBXResourcesBuildPhase section */
		37755ABA1B265C4F001C55B3 /* Resources */ = {
			isa = PBXResourcesBuildPhase;
			buildActionMask = 2147483647;
			files = (
				37755AE41B279EDD001C55B3 /* Settings.bundle in Resources */,
				37755AC91B265C4F001C55B3 /* Main.storyboard in Resources */,
				37755ACE1B265C4F001C55B3 /* LaunchScreen.xib in Resources */,
				37755ACB1B265C4F001C55B3 /* Images.xcassets in Resources */,
			);
			runOnlyForDeploymentPostprocessing = 0;
		};
		37755AD11B265C4F001C55B3 /* Resources */ = {
			isa = PBXResourcesBuildPhase;
			buildActionMask = 2147483647;
			files = (
			);
			runOnlyForDeploymentPostprocessing = 0;
		};
/* End PBXResourcesBuildPhase section */

/* Begin PBXSourcesBuildPhase section */
		37755AB81B265C4F001C55B3 /* Sources */ = {
			isa = PBXSourcesBuildPhase;
			buildActionMask = 2147483647;
			files = (
				37755AC61B265C4F001C55B3 /* DetailViewController.swift in Sources */,
				37755AE61B27A4EB001C55B3 /* Feed.swift in Sources */,
				37755AC41B265C4F001C55B3 /* MasterViewController.swift in Sources */,
				37755AC21B265C4F001C55B3 /* AppDelegate.swift in Sources */,
			);
			runOnlyForDeploymentPostprocessing = 0;
		};
		37755ACF1B265C4F001C55B3 /* Sources */ = {
			isa = PBXSourcesBuildPhase;
			buildActionMask = 2147483647;
			files = (
				37755ADA1B265C4F001C55B3 /* WatchTowerTests.swift in Sources */,
			);
			runOnlyForDeploymentPostprocessing = 0;
		};
/* End PBXSourcesBuildPhase section */

/* Begin PBXTargetDependency section */
		37755AD51B265C4F001C55B3 /* PBXTargetDependency */ = {
			isa = PBXTargetDependency;
			target = 37755ABB1B265C4F001C55B3 /* WatchTower */;
			targetProxy = 37755AD41B265C4F001C55B3 /* PBXContainerItemProxy */;
		};
/* End PBXTargetDependency section */

/* Begin PBXVariantGroup section */
		37755AC71B265C4F001C55B3 /* Main.storyboard */ = {
			isa = PBXVariantGroup;
			children = (
				37755AC81B265C4F001C55B3 /* Base */,
			);
			name = Main.storyboard;
			sourceTree = "<group>";
		};
		37755ACC1B265C4F001C55B3 /* LaunchScreen.xib */ = {
			isa = PBXVariantGroup;
			children = (
				37755ACD1B265C4F001C55B3 /* Base */,
			);
			name = LaunchScreen.xib;
			sourceTree = "<group>";
		};
/* End PBXVariantGroup section */

/* Begin XCBuildConfiguration section */
		37755ADB1B265C4F001C55B3 /* Debug */ = {
			isa = XCBuildConfiguration;
			buildSettings = {
				ALWAYS_SEARCH_USER_PATHS = NO;
				CLANG_CXX_LANGUAGE_STANDARD = "gnu++0x";
				CLANG_CXX_LIBRARY = "libc++";
				CLANG_ENABLE_MODULES = YES;
				CLANG_ENABLE_OBJC_ARC = YES;
				CLANG_WARN_BOOL_CONVERSION = YES;
				CLANG_WARN_CONSTANT_CONVERSION = YES;
				CLANG_WARN_DIRECT_OBJC_ISA_USAGE = YES_ERROR;
				CLANG_WARN_EMPTY_BODY = YES;
				CLANG_WARN_ENUM_CONVERSION = YES;
				CLANG_WARN_INT_CONVERSION = YES;
				CLANG_WARN_OBJC_ROOT_CLASS = YES_ERROR;
				CLANG_WARN_UNREACHABLE_CODE = YES;
				CLANG_WARN__DUPLICATE_METHOD_MATCH = YES;
				"CODE_SIGN_IDENTITY[sdk=iphoneos*]" = "iPhone Developer";
				COPY_PHASE_STRIP = NO;
				DEBUG_INFORMATION_FORMAT = "dwarf-with-dsym";
				ENABLE_STRICT_OBJC_MSGSEND = YES;
				GCC_C_LANGUAGE_STANDARD = gnu99;
				GCC_DYNAMIC_NO_PIC = NO;
				GCC_NO_COMMON_BLOCKS = YES;
				GCC_OPTIMIZATION_LEVEL = 0;
				GCC_PREPROCESSOR_DEFINITIONS = (
					"DEBUG=1",
					"$(inherited)",
				);
				GCC_SYMBOLS_PRIVATE_EXTERN = NO;
				GCC_WARN_64_TO_32_BIT_CONVERSION = YES;
				GCC_WARN_ABOUT_RETURN_TYPE = YES_ERROR;
				GCC_WARN_UNDECLARED_SELECTOR = YES;
				GCC_WARN_UNINITIALIZED_AUTOS = YES_AGGRESSIVE;
				GCC_WARN_UNUSED_FUNCTION = YES;
				GCC_WARN_UNUSED_VARIABLE = YES;
				IPHONEOS_DEPLOYMENT_TARGET = 8.3;
				MTL_ENABLE_DEBUG_INFO = YES;
				ONLY_ACTIVE_ARCH = YES;
				SDKROOT = iphoneos;
				SWIFT_OPTIMIZATION_LEVEL = "-Onone";
				TARGETED_DEVICE_FAMILY = "1,2";
			};
			name = Debug;
		};
		37755ADC1B265C4F001C55B3 /* Release */ = {
			isa = XCBuildConfiguration;
			buildSettings = {
				ALWAYS_SEARCH_USER_PATHS = NO;
				CLANG_CXX_LANGUAGE_STANDARD = "gnu++0x";
				CLANG_CXX_LIBRARY = "libc++";
				CLANG_ENABLE_MODULES = YES;
				CLANG_ENABLE_OBJC_ARC = YES;
				CLANG_WARN_BOOL_CONVERSION = YES;
				CLANG_WARN_CONSTANT_CONVERSION = YES;
				CLANG_WARN_DIRECT_OBJC_ISA_USAGE = YES_ERROR;
				CLANG_WARN_EMPTY_BODY = YES;
				CLANG_WARN_ENUM_CONVERSION = YES;
				CLANG_WARN_INT_CONVERSION = YES;
				CLANG_WARN_OBJC_ROOT_CLASS = YES_ERROR;
				CLANG_WARN_UNREACHABLE_CODE = YES;
				CLANG_WARN__DUPLICATE_METHOD_MATCH = YES;
				"CODE_SIGN_IDENTITY[sdk=iphoneos*]" = "iPhone Developer";
				COPY_PHASE_STRIP = NO;
				DEBUG_INFORMATION_FORMAT = "dwarf-with-dsym";
				ENABLE_NS_ASSERTIONS = NO;
				ENABLE_STRICT_OBJC_MSGSEND = YES;
				GCC_C_LANGUAGE_STANDARD = gnu99;
				GCC_NO_COMMON_BLOCKS = YES;
				GCC_WARN_64_TO_32_BIT_CONVERSION = YES;
				GCC_WARN_ABOUT_RETURN_TYPE = YES_ERROR;
				GCC_WARN_UNDECLARED_SELECTOR = YES;
				GCC_WARN_UNINITIALIZED_AUTOS = YES_AGGRESSIVE;
				GCC_WARN_UNUSED_FUNCTION = YES;
				GCC_WARN_UNUSED_VARIABLE = YES;
				IPHONEOS_DEPLOYMENT_TARGET = 8.3;
				MTL_ENABLE_DEBUG_INFO = NO;
				SDKROOT = iphoneos;
				TARGETED_DEVICE_FAMILY = "1,2";
				VALIDATE_PRODUCT = YES;
			};
			name = Release;
		};
		37755ADE1B265C4F001C55B3 /* Debug */ = {
			isa = XCBuildConfiguration;
			buildSettings = {
				ASSETCATALOG_COMPILER_APPICON_NAME = AppIcon;
				INFOPLIST_FILE = WatchTower/Info.plist;
				LD_RUNPATH_SEARCH_PATHS = "$(inherited) @executable_path/Frameworks";
				PRODUCT_NAME = "$(TARGET_NAME)";
			};
			name = Debug;
		};
		37755ADF1B265C4F001C55B3 /* Release */ = {
			isa = XCBuildConfiguration;
			buildSettings = {
				ASSETCATALOG_COMPILER_APPICON_NAME = AppIcon;
				INFOPLIST_FILE = WatchTower/Info.plist;
				LD_RUNPATH_SEARCH_PATHS = "$(inherited) @executable_path/Frameworks";
				PRODUCT_NAME = "$(TARGET_NAME)";
			};
			name = Release;
		};
		37755AE11B265C4F001C55B3 /* Debug */ = {
			isa = XCBuildConfiguration;
			buildSettings = {
				BUNDLE_LOADER = "$(TEST_HOST)";
				FRAMEWORK_SEARCH_PATHS = (
					"$(SDKROOT)/Developer/Library/Frameworks",
					"$(inherited)",
				);
				GCC_PREPROCESSOR_DEFINITIONS = (
					"DEBUG=1",
					"$(inherited)",
				);
				INFOPLIST_FILE = WatchTowerTests/Info.plist;
				LD_RUNPATH_SEARCH_PATHS = "$(inherited) @executable_path/Frameworks @loader_path/Frameworks";
				PRODUCT_NAME = "$(TARGET_NAME)";
				TEST_HOST = "$(BUILT_PRODUCTS_DIR)/WatchTower.app/WatchTower";
			};
			name = Debug;
		};
		37755AE21B265C4F001C55B3 /* Release */ = {
			isa = XCBuildConfiguration;
			buildSettings = {
				BUNDLE_LOADER = "$(TEST_HOST)";
				FRAMEWORK_SEARCH_PATHS = (
					"$(SDKROOT)/Developer/Library/Frameworks",
					"$(inherited)",
				);
				INFOPLIST_FILE = WatchTowerTests/Info.plist;
				LD_RUNPATH_SEARCH_PATHS = "$(inherited) @executable_path/Frameworks @loader_path/Frameworks";
				PRODUCT_NAME = "$(TARGET_NAME)";
				TEST_HOST = "$(BUILT_PRODUCTS_DIR)/WatchTower.app/WatchTower";
			};
			name = Release;
		};
/* End XCBuildConfiguration section */

/* Begin XCConfigurationList section */
		37755AB71B265C4F001C55B3 /* Build configuration list for PBXProject "WatchTower" */ = {
			isa = XCConfigurationList;
			buildConfigurations = (
				37755ADB1B265C4F001C55B3 /* Debug */,
				37755ADC1B265C4F001C55B3 /* Release */,
			);
			defaultConfigurationIsVisible = 0;
			defaultConfigurationName = Release;
		};
		37755ADD1B265C4F001C55B3 /* Build configuration list for PBXNativeTarget "WatchTower" */ = {
			isa = XCConfigurationList;
			buildConfigurations = (
				37755ADE1B265C4F001C55B3 /* Debug */,
				37755ADF1B265C4F001C55B3 /* Release */,
			);
			defaultConfigurationIsVisible = 0;
			defaultConfigurationName = Release;
		};
		37755AE01B265C4F001C55B3 /* Build configuration list for PBXNativeTarget "WatchTowerTests" */ = {
			isa = XCConfigurationList;
			buildConfigurations = (
				37755AE11B265C4F001C55B3 /* Debug */,
				37755AE21B265C4F001C55B3 /* Release */,
			);
			defaultConfigurationIsVisible = 0;
			defaultConfigurationName = Release;
		};
/* End XCConfigurationList section */
	};
	rootObject = 37755AB41B265C4F001C55B3 /* Project object */;
}
